lockfileVersion: '9.0'

settings:
  autoInstallPeers: true
  excludeLinksFromLockfile: false

importers:

  .:
    dependencies:
      '@tauri-apps/plugin-dialog':
        specifier: ^2.6.0
        version: 2.7.3

packages:

  '@tauri-apps/api@2.11.1':
    resolution: {integrity: sha512-M2FPuYND2m+wh5hfW9ZpSdxMPdEJovPBWwoHJmwUpysTYNHaOkVFN419m/K0LIgjb/7KU2vBgsUepJWugQCvAA==}

  '@tauri-apps/plugin-dialog@2.7.3':
    resolution: {integrity: sha512-CRgE+7TP4tvq9MjBU6f04NLTFIqVMLKHk3hAqlhil00ngK9ACTrXPH3oHpKMProxILodd3YjBoKbMwSI4IEcfA==}

snapshots:

  '@tauri-apps/api@2.11.1': {}

  '@tauri-apps/plugin-dialog@2.7.3':
    dependencies:
      '@tauri-apps/api': 2.11.1
